
Microsoft Visual Studio Solution File, Format Version 12.00
# Visual Studio Version 17
VisualStudioVersion = 17.9.34902.65
MinimumVisualStudioVersion = 10.0.40219.1
Project("{FAE04EC0-301F-11D3-BF4B-00C04F79EFBC}") = "EgitimTakip.Web", "EgitimTakip.Web.csproj", "{D47ECABA-4AD3-4A57-A354-9C2116616FE4}"
EndProject
Project("{FAE04EC0-301F-11D3-BF4B-00C04F79EFBC}") = "EgitimTakip.Models", "..\EgitimTakip.Models\EgitimTakip.Models.csproj", "{6FDDB3CC-17F0-4A78-BE6C-98F66920F634}"
EndProject
Global
	GlobalSection(SolutionConfigurationPlatforms) = preSolution
		Debug|Any CPU = Debug|Any CPU
		Release|Any CPU = Release|Any CPU
	EndGlobalSection
	GlobalSection(ProjectConfigurationPlatforms) = postSolution
		{D47ECABA-4AD3-4A57-A354-9C2116616FE4}.Debug|Any CPU.ActiveCfg = Debug|Any CPU
		{D47ECABA-4AD3-4A57-A354-9C2116616FE4}.Debug|Any CPU.Build.0 = Debug|Any CPU
		{D47ECABA-4AD3-4A57-A354-9C2116616FE4}.Release|Any CPU.ActiveCfg = Release|Any CPU
		{D47ECABA-4AD3-4A57-A354-9C2116616FE4}.Release|Any CPU.Build.0 = Release|Any CPU
		{6FDDB3CC-17F0-4A78-BE6C-98F66920F634}.Debug|Any CPU.ActiveCfg = Debug|Any CPU
		{6FDDB3CC-17F0-4A78-BE6C-98F66920F634}.Debug|Any CPU.Build.0 = Debug|Any CPU
		{6FDDB3CC-17F0-4A78-BE6C-98F66920F634}.Release|Any CPU.ActiveCfg = Release|Any CPU
		{6FDDB3CC-17F0-4A78-BE6C-98F66920F634}.Release|Any CPU.Build.0 = Release|Any CPU
	EndGlobalSection
	GlobalSection(SolutionProperties) = preSolution
		HideSolutionNode = FALSE
	EndGlobalSection
	GlobalSection(ExtensibilityGlobals) = postSolution
		SolutionGuid = {B34C15C3-F8AB-430D-8BAC-DE3CA92D068B}
	EndGlobalSection
EndGlobal
